Microsoft Visual Studio Solution File, Format Version 12.00
# Visual Studio 15
VisualStudioVersion = 15.0.27703.2026
MinimumVisualStudioVersion = 10.0.40219.1
Project("{FAE04EC0-301F-11D3-BF4B-00C04F79EFBC}") = "Chess", "Chess.csproj", "{087A5CD7-71BD-40B7-BF3A-E801368A2DCF}"
EndProject
Global
	GlobalSection(SolutionConfigurationPlatforms) = preSolution
		Debug|Any CPU = Debug|Any CPU
		Release|Any CPU = Release|Any CPU
	EndGlobalSection
	GlobalSection(ProjectConfigurationPlatforms) = postSolution
		{087A5CD7-71BD-40B7-BF3A-E801368A2DCF}.Debug|Any CPU.ActiveCfg = Debug|Any CPU
		{087A5CD7-71BD-40B7-BF3A-E801368A2DCF}.Debug|Any CPU.Build.0 = Debug|Any CPU
		{087A5CD7-71BD-40B7-BF3A-E801368A2DCF}.Release|Any CPU.ActiveCfg = Release|Any CPU
		{087A5CD7-71BD-40B7-BF3A-E801368A2DCF}.Release|Any CPU.Build.0 = Release|Any CPU
	EndGlobalSection
	GlobalSection(SolutionProperties) = preSolution
		HideSolutionNode = FALSE
	EndGlobalSection
	GlobalSection(ExtensibilityGlobals) = postSolution
		SolutionGuid = {BE46D2B0-23F5-45E0-AEA7-4E7367AC11E5}
	EndGlobalSection
EndGlobal
